<?xml version="1.0" encoding="utf-8"?>
<Project ToolsVersion="4.0" xmlns="http://schemas.microsoft.com/developer/msbuild/2003">
  <ItemGroup>
    <Filter Include="Headers">
      <UniqueIdentifier>{66368bdd-80e0-4cfb-bf11-a28e9e4fa5c8}</UniqueIdentifier>
    </Filter>
    <Filter Include="Source">
      <UniqueIdentifier>{14b5ee7b-580f-4b45-a250-39703008f775}</UniqueIdentifier>
    </Filter>
    <Filter Include="Resources">
      <UniqueIdentifier>{bc00e710-1547-462b-8ac8-c89d9b8f30fe}</UniqueIdentifier>
    </Filter>
    <Filter Include="Resources\Shaders">
      <UniqueIdentifier>{3325af07-433f-4d07-8a78-4e1839d6e621}</UniqueIdentifier>
    </Filter>
    <Filter Include="Resources\Meshes">
      <UniqueIdentifier>{0093b8a9-6111-49f3-82f8-6e48ef0c9dae}</UniqueIdentifier>
    </Filter>
    <Filter Include="Resources\Textures">
      <UniqueIdentifier>{7550ec67-fb5a-40cb-8d23-7851b146eeba}</UniqueIdentifier>
    </Filter>
  </ItemGroup>
  <ItemGroup>
    <ClInclude Include="inc\DDSTextureLoader.h">
      <Filter>Headers</Filter>
    </ClInclude>
    <ClInclude Include="inc\FApplication.h">
      <Filter>Headers</Filter>
    </ClInclude>
    <ClInclude Include="inc\FDebug.h">
      <Filter>Headers</Filter>
    </ClInclude>
    <ClInclude Include="inc\FGraphicsEngine.h">
      <Filter>Headers</Filter>
    </ClInclude>
    <ClInclude Include="inc\FJsonParser.h">
      <Filter>Headers</Filter>
    </ClInclude>
    <ClInclude Include="inc\FLight.h">
      <Filter>Headers</Filter>
    </ClInclude>
    <ClInclude Include="inc\FMaterial.h">
      <Filter>Headers</Filter>
    </ClInclude>
    <ClInclude Include="inc\FMesh.h">
      <Filter>Headers</Filter>
    </ClInclude>
    <ClInclude Include="inc\FObject.h">
      <Filter>Headers</Filter>
    </ClInclude>
    <ClInclude Include="inc\FResourceManager.h">
      <Filter>Headers</Filter>
    </ClInclude>
    <ClInclude Include="inc\FScene.h">
      <Filter>Headers</Filter>
    </ClInclude>
    <ClInclude Include="inc\FTexture.h">
      <Filter>Headers</Filter>
    </ClInclude>
    <ClInclude Include="inc\FTransform.h">
      <Filter>Headers</Filter>
    </ClInclude>
    <ClInclude Include="inc\Gizmo.h">
      <Filter>Headers</Filter>
    </ClInclude>
    <ClInclude Include="inc\MyScene.h">
      <Filter>Headers</Filter>
    </ClInclude>
    <ClInclude Include="inc\PlanetScene.h">
      <Filter>Headers</Filter>
    </ClInclude>
  </ItemGroup>
  <ItemGroup>
    <Image Include="res\monitor_n.dds">
      <Filter>Resources\Textures</Filter>
    </Image>
    <Image Include="res\monitor_t.jpg">
      <Filter>Resources\Textures</Filter>
    </Image>
    <Image Include="res\monitor_t.dds">
      <Filter>Resources\Textures</Filter>
    </Image>
    <Image Include="res\monitor_n.jpg">
      <Filter>Resources\Textures</Filter>
    </Image>
    <Image Include="res\skybox.dds">
      <Filter>Resources\Textures</Filter>
    </Image>
    <Image Include="res\blue_corner_gradient.png">
      <Filter>Resources\Textures</Filter>
    </Image>
    <Image Include="res\blend_t.dds">
      <Filter>Resources\Textures</Filter>
    </Image>
    <Image Include="res\blank.dds">
      <Filter>Resources\Textures</Filter>
    </Image>
  </ItemGroup>
  <ItemGroup>
    <None Include="res\BlueBlend.fmat">
      <Filter>Resources</Filter>
    </None>
    <None Include="res\monitor.fmat">
      <Filter>Resources</Filter>
    </None>
    <None Include="res\MyScene.fscn">
      <Filter>Resources</Filter>
    </None>
    <None Include="res\placeholder.fmat">
      <Filter>Resources</Filter>
    </None>
    <None Include="res\PlanetScene.fscn">
      <Filter>Resources</Filter>
    </None>
    <None Include="res\Common.hlsl">
      <Filter>Resources\Shaders</Filter>
    </None>
    <None Include="res\Dither.hlsl">
      <Filter>Resources\Shaders</Filter>
    </None>
    <None Include="res\Gizmo.hlsl">
      <Filter>Resources\Shaders</Filter>
    </None>
    <None Include="res\Light.hlsl">
      <Filter>Resources\Shaders</Filter>
    </None>
    <None Include="res\PBR.hlsl">
      <Filter>Resources\Shaders</Filter>
    </None>
    <None Include="res\PhysicalShader.hlsl">
      <Filter>Resources\Shaders</Filter>
    </None>
    <None Include="res\Postprocess.hlsl">
      <Filter>Resources\Shaders</Filter>
    </None>
    <None Include="res\cornell.obj">
      <Filter>Resources\Meshes</Filter>
    </None>
    <None Include="res\monitor.obj">
      <Filter>Resources\Meshes</Filter>
    </None>
    <None Include="res\planet.obj">
      <Filter>Resources\Meshes</Filter>
    </None>
    <None Include="res\sphere.obj">
      <Filter>Resources\Meshes</Filter>
    </None>
    <None Include="res\suzanne.obj">
      <Filter>Resources\Meshes</Filter>
    </None>
    <None Include="res\teapot.obj">
      <Filter>Resources\Meshes</Filter>
    </None>
    <None Include="res\uvcube.obj">
      <Filter>Resources\Meshes</Filter>
    </None>
    <None Include="res\uvtest.obj">
      <Filter>Resources\Meshes</Filter>
    </None>
  </ItemGroup>
  <ItemGroup>
    <ClCompile Include="src\DDSTextureLoader.cpp">
      <Filter>Source</Filter>
    </ClCompile>
    <ClCompile Include="src\FApplication.cpp">
      <Filter>Source</Filter>
    </ClCompile>
    <ClCompile Include="src\FCamera.cpp">
      <Filter>Source</Filter>
    </ClCompile>
    <ClCompile Include="src\FDebug.cpp">
      <Filter>Source</Filter>
    </ClCompile>
    <ClCompile Include="src\FGraphicsEngine.cpp">
      <Filter>Source</Filter>
    </ClCompile>
    <ClCompile Include="src\FJsonParser.cpp">
      <Filter>Source</Filter>
    </ClCompile>
    <ClCompile Include="src\FLight.cpp">
      <Filter>Source</Filter>
    </ClCompile>
    <ClCompile Include="src\FMaterial.cpp">
      <Filter>Source</Filter>
    </ClCompile>
    <ClCompile Include="src\FMesh.cpp">
      <Filter>Source</Filter>
    </ClCompile>
    <ClCompile Include="src\FResourceManager.cpp">
      <Filter>Source</Filter>
    </ClCompile>
    <ClCompile Include="src\FScene.cpp">
      <Filter>Source</Filter>
    </ClCompile>
    <ClCompile Include="src\FTransform.cpp">
      <Filter>Source</Filter>
    </ClCompile>
    <ClCompile Include="src\Main.cpp">
      <Filter>Source</Filter>
    </ClCompile>
    <ClCompile Include="src\MyScene.cpp">
      <Filter>Source</Filter>
    </ClCompile>
    <ClCompile Include="src\PlanetScene.cpp">
      <Filter>Source</Filter>
    </ClCompile>
  </ItemGroup>
</Project>