<?xml version="1.0" encoding="utf-8"?>
<Project ToolsVersion="4.0" xmlns="http://schemas.microsoft.com/developer/msbuild/2003">
  <ItemGroup>
    <Filter Include="Source Files">
      <UniqueIdentifier>{4FC737F1-C7A5-4376-A066-2A32D752A2FF}</UniqueIdentifier>
      <Extensions>cpp;c;cc;cxx;c++;cppm;ixx;def;odl;idl;hpj;bat;asm;asmx</Extensions>
    </Filter>
    <Filter Include="Header Files">
      <UniqueIdentifier>{93995380-89BD-4b04-88EB-625FBE52EBFB}</UniqueIdentifier>
      <Extensions>h;hh;hpp;hxx;h++;hm;inl;inc;ipp;xsd</Extensions>
    </Filter>
    <Filter Include="Resource Files">
      <UniqueIdentifier>{67DA6AB6-F800-4c08-8B7A-83BB121AAD01}</UniqueIdentifier>
      <Extensions>rc;ico;cur;bmp;dlg;rc2;rct;bin;rgs;gif;jpg;jpeg;jpe;resx;tiff;tif;png;wav;mfcribbon-ms</Extensions>
    </Filter>
    <Filter Include="Resource Files\Materials">
      <UniqueIdentifier>{dd6cd4ce-fe96-42d4-9111-cb847e585c30}</UniqueIdentifier>
    </Filter>
    <Filter Include="Resource Files\Meshes">
      <UniqueIdentifier>{e5b96baa-1226-4a7b-a54f-52706b0b2cd2}</UniqueIdentifier>
    </Filter>
    <Filter Include="Resource Files\Scenes">
      <UniqueIdentifier>{d960dbe7-fd51-439f-9d78-c214100bd931}</UniqueIdentifier>
    </Filter>
    <Filter Include="Resource Files\Textures">
      <UniqueIdentifier>{788ab6e9-73a2-423c-96bc-0f73d6a6e543}</UniqueIdentifier>
    </Filter>
    <Filter Include="Resource Files\Shaders">
      <UniqueIdentifier>{5394c41e-db37-4ff9-a493-8ca4e597f8ec}</UniqueIdentifier>
    </Filter>
    <Filter Include="Header Files\Engine">
      <UniqueIdentifier>{7940ac7d-d08b-47ee-b26a-fc551c9ad2ef}</UniqueIdentifier>
    </Filter>
    <Filter Include="Source Files\Engine">
      <UniqueIdentifier>{f1e721fb-a2e3-4523-928b-9ccc24464cb7}</UniqueIdentifier>
    </Filter>
  </ItemGroup>
  <ItemGroup>
    <ClCompile Include="Main.cpp">
      <Filter>Source Files</Filter>
    </ClCompile>
    <ClCompile Include="MyScene.cpp">
      <Filter>Source Files</Filter>
    </ClCompile>
    <ClCompile Include="FObject.h">
      <Filter>Header Files\Engine</Filter>
    </ClCompile>
    <ClCompile Include="FScene.h">
      <Filter>Header Files\Engine</Filter>
    </ClCompile>
    <ClCompile Include="FApplication.cpp">
      <Filter>Source Files\Engine</Filter>
    </ClCompile>
    <ClCompile Include="FCamera.cpp">
      <Filter>Source Files\Engine</Filter>
    </ClCompile>
    <ClCompile Include="FJsonParser.cpp">
      <Filter>Source Files\Engine</Filter>
    </ClCompile>
    <ClCompile Include="FMaterial.cpp">
      <Filter>Source Files\Engine</Filter>
    </ClCompile>
    <ClCompile Include="FMesh.cpp">
      <Filter>Source Files\Engine</Filter>
    </ClCompile>
    <ClCompile Include="FResourceManager.cpp">
      <Filter>Source Files\Engine</Filter>
    </ClCompile>
    <ClCompile Include="FScene.cpp">
      <Filter>Source Files\Engine</Filter>
    </ClCompile>
    <ClCompile Include="DDSTextureLoader.cpp">
      <Filter>Source Files</Filter>
    </ClCompile>
    <ClCompile Include="PlanetScene.cpp">
      <Filter>Source Files</Filter>
    </ClCompile>
    <ClCompile Include="FGraphicsEngine.cpp">
      <Filter>Source Files\Engine</Filter>
    </ClCompile>
    <ClCompile Include="FDebug.cpp">
      <Filter>Source Files\Engine</Filter>
    </ClCompile>
    <ClCompile Include="FLight.cpp">
      <Filter>Source Files\Engine</Filter>
    </ClCompile>
    <ClCompile Include="FTransform.cpp">
      <Filter>Source Files\Engine</Filter>
    </ClCompile>
  </ItemGroup>
  <ItemGroup>
    <ClInclude Include="MyScene.h">
      <Filter>Header Files</Filter>
    </ClInclude>
    <ClInclude Include="FApplication.h">
      <Filter>Header Files\Engine</Filter>
    </ClInclude>
    <ClInclude Include="FJsonParser.h">
      <Filter>Header Files\Engine</Filter>
    </ClInclude>
    <ClInclude Include="FMaterial.h">
      <Filter>Header Files\Engine</Filter>
    </ClInclude>
    <ClInclude Include="FMesh.h">
      <Filter>Header Files\Engine</Filter>
    </ClInclude>
    <ClInclude Include="FResourceManager.h">
      <Filter>Header Files\Engine</Filter>
    </ClInclude>
    <ClInclude Include="FTexture.h">
      <Filter>Header Files\Engine</Filter>
    </ClInclude>
    <ClInclude Include="PlanetScene.h">
      <Filter>Header Files</Filter>
    </ClInclude>
    <ClInclude Include="FGraphicsEngine.h">
      <Filter>Header Files\Engine</Filter>
    </ClInclude>
    <ClInclude Include="FDebug.h">
      <Filter>Header Files\Engine</Filter>
    </ClInclude>
    <ClInclude Include="FLight.h">
      <Filter>Header Files\Engine</Filter>
    </ClInclude>
    <ClInclude Include="Gizmo.h">
      <Filter>Header Files</Filter>
    </ClInclude>
    <ClInclude Include="FTransform.h">
      <Filter>Header Files\Engine</Filter>
    </ClInclude>
  </ItemGroup>
  <ItemGroup>
    <None Include="Postprocess.hlsl">
      <Filter>Resource Files\Shaders</Filter>
    </None>
    <None Include="MyScene.fscn">
      <Filter>Resource Files\Scenes</Filter>
    </None>
    <None Include="monitor.fmat">
      <Filter>Resource Files\Materials</Filter>
    </None>
    <None Include="placeholder.fmat">
      <Filter>Resource Files\Materials</Filter>
    </None>
    <None Include="monitor.obj">
      <Filter>Resource Files\Meshes</Filter>
    </None>
    <None Include="cornell.obj">
      <Filter>Resource Files\Meshes</Filter>
    </None>
    <None Include="sphere.obj">
      <Filter>Resource Files\Meshes</Filter>
    </None>
    <None Include="suzanne.obj">
      <Filter>Resource Files\Meshes</Filter>
    </None>
    <None Include="blank.dds">
      <Filter>Resource Files\Textures</Filter>
    </None>
    <None Include="monitor_n.dds">
      <Filter>Resource Files\Textures</Filter>
    </None>
    <None Include="monitor_n.jpg">
      <Filter>Resource Files\Textures</Filter>
    </None>
    <None Include="monitor_t.dds">
      <Filter>Resource Files\Textures</Filter>
    </None>
    <None Include="monitor_t.jpg">
      <Filter>Resource Files\Textures</Filter>
    </None>
    <None Include="PlanetScene.fscn">
      <Filter>Resource Files\Scenes</Filter>
    </None>
    <None Include="PhysicalShader.hlsl">
      <Filter>Resource Files\Shaders</Filter>
    </None>
    <None Include="Light.hlsl">
      <Filter>Resource Files\Shaders</Filter>
    </None>
    <None Include="PBR.hlsl">
      <Filter>Resource Files\Shaders</Filter>
    </None>
    <None Include="Common.hlsl">
      <Filter>Resource Files\Shaders</Filter>
    </None>
    <None Include="Gizmo.hlsl">
      <Filter>Resource Files\Shaders</Filter>
    </None>
    <None Include="Dither.hlsl">
      <Filter>Resource Files\Shaders</Filter>
    </None>
    <None Include="BlueBlend.fmat">
      <Filter>Resource Files\Materials</Filter>
    </None>
  </ItemGroup>
</Project>