<?xml version="1.0" encoding="utf-8"?>
<Project ToolsVersion="4.0" xmlns="http://schemas.microsoft.com/developer/msbuild/2003">
  <ItemGroup>
    <Filter Include="Source Files">
      <UniqueIdentifier>{4FC737F1-C7A5-4376-A066-2A32D752A2FF}</UniqueIdentifier>
      <Extensions>cpp;c;cc;cxx;c++;cppm;ixx;def;odl;idl;hpj;bat;asm;asmx</Extensions>
    </Filter>
    <Filter Include="Header Files">
      <UniqueIdentifier>{93995380-89BD-4b04-88EB-625FBE52EBFB}</UniqueIdentifier>
      <Extensions>h;hh;hpp;hxx;h++;hm;inl;inc;ipp;xsd</Extensions>
    </Filter>
    <Filter Include="Resource Files">
      <UniqueIdentifier>{67DA6AB6-F800-4c08-8B7A-83BB121AAD01}</UniqueIdentifier>
      <Extensions>rc;ico;cur;bmp;dlg;rc2;rct;bin;rgs;gif;jpg;jpeg;jpe;resx;tiff;tif;png;wav;mfcribbon-ms</Extensions>
    </Filter>
    <Filter Include="Shaders">
      <UniqueIdentifier>{5394c41e-db37-4ff9-a493-8ca4e597f8ec}</UniqueIdentifier>
    </Filter>
    <Filter Include="oculib">
      <UniqueIdentifier>{591a7c72-b825-4f38-9f39-25863df56e42}</UniqueIdentifier>
    </Filter>
  </ItemGroup>
  <ItemGroup>
    <ClCompile Include="FApplication.cpp">
      <Filter>Source Files</Filter>
    </ClCompile>
    <ClCompile Include="Main.cpp">
      <Filter>Source Files</Filter>
    </ClCompile>
    <ClCompile Include="FObject.h">
      <Filter>Header Files</Filter>
    </ClCompile>
    <ClCompile Include="FScene.h">
      <Filter>Header Files</Filter>
    </ClCompile>
    <ClCompile Include="FScene.cpp">
      <Filter>Source Files</Filter>
    </ClCompile>
    <ClCompile Include="FObject.cpp">
      <Filter>Source Files</Filter>
    </ClCompile>
    <ClCompile Include="MyScene.cpp">
      <Filter>Source Files</Filter>
    </ClCompile>
    <ClCompile Include="FCamera.h">
      <Filter>Header Files</Filter>
    </ClCompile>
    <ClCompile Include="FCamera.cpp">
      <Filter>Source Files</Filter>
    </ClCompile>
    <ClCompile Include="FMesh.cpp">
      <Filter>Source Files</Filter>
    </ClCompile>
    <ClCompile Include="DDSTextureLoader.cpp">
      <Filter>Source Files</Filter>
    </ClCompile>
    <ClCompile Include="FResourceManager.cpp">
      <Filter>Source Files</Filter>
    </ClCompile>
  </ItemGroup>
  <ItemGroup>
    <ClInclude Include="FApplication.h">
      <Filter>Header Files</Filter>
    </ClInclude>
    <ClInclude Include="MyScene.h">
      <Filter>Header Files</Filter>
    </ClInclude>
    <ClInclude Include="FMesh.h">
      <Filter>Header Files</Filter>
    </ClInclude>
    <ClInclude Include="ico.h">
      <Filter>Header Files</Filter>
    </ClInclude>
    <ClInclude Include="..\oculib\camera.h">
      <Filter>oculib</Filter>
    </ClInclude>
    <ClInclude Include="..\oculib\image.h">
      <Filter>oculib</Filter>
    </ClInclude>
    <ClInclude Include="..\oculib\matrix4.h">
      <Filter>oculib</Filter>
    </ClInclude>
    <ClInclude Include="..\oculib\mesh.h">
      <Filter>oculib</Filter>
    </ClInclude>
    <ClInclude Include="..\oculib\object.h">
      <Filter>oculib</Filter>
    </ClInclude>
    <ClInclude Include="..\oculib\vector2.h">
      <Filter>oculib</Filter>
    </ClInclude>
    <ClInclude Include="..\oculib\vector3.h">
      <Filter>oculib</Filter>
    </ClInclude>
    <ClInclude Include="..\oculib\vector4.h">
      <Filter>oculib</Filter>
    </ClInclude>
    <ClInclude Include="..\oculib\vertex.h">
      <Filter>oculib</Filter>
    </ClInclude>
    <ClInclude Include="FTexture.h">
      <Filter>Header Files</Filter>
    </ClInclude>
    <ClInclude Include="FResourceManager.h">
      <Filter>Header Files</Filter>
    </ClInclude>
    <ClInclude Include="FMaterial.h">
      <Filter>Header Files</Filter>
    </ClInclude>
  </ItemGroup>
  <ItemGroup>
    <None Include="SimpleShaders.hlsl">
      <Filter>Shaders</Filter>
    </None>
  </ItemGroup>
</Project>